
Microsoft Visual Studio Solution File, Format Version 12.00
# Visual Studio Version 16
VisualStudioVersion = 16.0.30323.103
MinimumVisualStudioVersion = 15.0.26124.0
Project("{9A19103F-16F7-4668-BE54-9A1E7A4F7556}") = "Dashboard.Data", "Dashboard.Data\Dashboard.Data.csproj", "{1266E7D1-60F3-4350-8340-4842410BD828}"
EndProject
Project("{9A19103F-16F7-4668-BE54-9A1E7A4F7556}") = "Dashboard.Services", "Dashboard.Services\Dashboard.Services.csproj", "{2617C43F-CCAF-41B9-A3E9-6084E3399153}"
EndProject
Project("{9A19103F-16F7-4668-BE54-9A1E7A4F7556}") = "Dashboard.Test", "Dashboard.Test\Dashboard.Test.csproj", "{C3C598F1-B377-452E-BEE9-256BAF9196BD}"
EndProject
Project("{9A19103F-16F7-4668-BE54-9A1E7A4F7556}") = "Dashboard.Web", "Dashboard.Web\Dashboard.Web.csproj", "{252D57FD-B075-4CFC-876E-C811299FB3AB}"
EndProject
Project("{F2A71F9B-5D33-465A-A702-920D77279786}") = "Dashboard.Controllers", "Dashboard.Controllers\Dashboard.Controllers.fsproj", "{2BD09C11-0AF2-453F-9D9C-A9C37D3D575E}"
EndProject
Global
	GlobalSection(SolutionConfigurationPlatforms) = preSolution
		Debug|Any CPU = Debug|Any CPU
		Debug|x64 = Debug|x64
		Debug|x86 = Debug|x86
		Release|Any CPU = Release|Any CPU
		Release|x64 = Release|x64
		Release|x86 = Release|x86
	EndGlobalSection
	GlobalSection(ProjectConfigurationPlatforms) = postSolution
		{1266E7D1-60F3-4350-8340-4842410BD828}.Debug|Any CPU.ActiveCfg = Debug|Any CPU
		{1266E7D1-60F3-4350-8340-4842410BD828}.Debug|Any CPU.Build.0 = Debug|Any CPU
		{1266E7D1-60F3-4350-8340-4842410BD828}.Debug|x64.ActiveCfg = Debug|Any CPU
		{1266E7D1-60F3-4350-8340-4842410BD828}.Debug|x64.Build.0 = Debug|Any CPU
		{1266E7D1-60F3-4350-8340-4842410BD828}.Debug|x86.ActiveCfg = Debug|Any CPU
		{1266E7D1-60F3-4350-8340-4842410BD828}.Debug|x86.Build.0 = Debug|Any CPU
		{1266E7D1-60F3-4350-8340-4842410BD828}.Release|Any CPU.ActiveCfg = Release|Any CPU
		{1266E7D1-60F3-4350-8340-4842410BD828}.Release|Any CPU.Build.0 = Release|Any CPU
		{1266E7D1-60F3-4350-8340-4842410BD828}.Release|x64.ActiveCfg = Release|Any CPU
		{1266E7D1-60F3-4350-8340-4842410BD828}.Release|x64.Build.0 = Release|Any CPU
		{1266E7D1-60F3-4350-8340-4842410BD828}.Release|x86.ActiveCfg = Release|Any CPU
		{1266E7D1-60F3-4350-8340-4842410BD828}.Release|x86.Build.0 = Release|Any CPU
		{2617C43F-CCAF-41B9-A3E9-6084E3399153}.Debug|Any CPU.ActiveCfg = Debug|Any CPU
		{2617C43F-CCAF-41B9-A3E9-6084E3399153}.Debug|Any CPU.Build.0 = Debug|Any CPU
		{2617C43F-CCAF-41B9-A3E9-6084E3399153}.Debug|x64.ActiveCfg = Debug|Any CPU
		{2617C43F-CCAF-41B9-A3E9-6084E3399153}.Debug|x64.Build.0 = Debug|Any CPU
		{2617C43F-CCAF-41B9-A3E9-6084E3399153}.Debug|x86.ActiveCfg = Debug|Any CPU
		{2617C43F-CCAF-41B9-A3E9-6084E3399153}.Debug|x86.Build.0 = Debug|Any CPU
		{2617C43F-CCAF-41B9-A3E9-6084E3399153}.Release|Any CPU.ActiveCfg = Release|Any CPU
		{2617C43F-CCAF-41B9-A3E9-6084E3399153}.Release|Any CPU.Build.0 = Release|Any CPU
		{2617C43F-CCAF-41B9-A3E9-6084E3399153}.Release|x64.ActiveCfg = Release|Any CPU
		{2617C43F-CCAF-41B9-A3E9-6084E3399153}.Release|x64.Build.0 = Release|Any CPU
		{2617C43F-CCAF-41B9-A3E9-6084E3399153}.Release|x86.ActiveCfg = Release|Any CPU
		{2617C43F-CCAF-41B9-A3E9-6084E3399153}.Release|x86.Build.0 = Release|Any CPU
		{C3C598F1-B377-452E-BEE9-256BAF9196BD}.Debug|Any CPU.ActiveCfg = Debug|Any CPU
		{C3C598F1-B377-452E-BEE9-256BAF9196BD}.Debug|Any CPU.Build.0 = Debug|Any CPU
		{C3C598F1-B377-452E-BEE9-256BAF9196BD}.Debug|x64.ActiveCfg = Debug|Any CPU
		{C3C598F1-B377-452E-BEE9-256BAF9196BD}.Debug|x64.Build.0 = Debug|Any CPU
		{C3C598F1-B377-452E-BEE9-256BAF9196BD}.Debug|x86.ActiveCfg = Debug|Any CPU
		{C3C598F1-B377-452E-BEE9-256BAF9196BD}.Debug|x86.Build.0 = Debug|Any CPU
		{C3C598F1-B377-452E-BEE9-256BAF9196BD}.Release|Any CPU.ActiveCfg = Release|Any CPU
		{C3C598F1-B377-452E-BEE9-256BAF9196BD}.Release|Any CPU.Build.0 = Release|Any CPU
		{C3C598F1-B377-452E-BEE9-256BAF9196BD}.Release|x64.ActiveCfg = Release|Any CPU
		{C3C598F1-B377-452E-BEE9-256BAF9196BD}.Release|x64.Build.0 = Release|Any CPU
		{C3C598F1-B377-452E-BEE9-256BAF9196BD}.Release|x86.ActiveCfg = Release|Any CPU
		{C3C598F1-B377-452E-BEE9-256BAF9196BD}.Release|x86.Build.0 = Release|Any CPU
		{252D57FD-B075-4CFC-876E-C811299FB3AB}.Debug|Any CPU.ActiveCfg = Debug|Any CPU
		{252D57FD-B075-4CFC-876E-C811299FB3AB}.Debug|Any CPU.Build.0 = Debug|Any CPU
		{252D57FD-B075-4CFC-876E-C811299FB3AB}.Debug|x64.ActiveCfg = Debug|Any CPU
		{252D57FD-B075-4CFC-876E-C811299FB3AB}.Debug|x64.Build.0 = Debug|Any CPU
		{252D57FD-B075-4CFC-876E-C811299FB3AB}.Debug|x86.ActiveCfg = Debug|Any CPU
		{252D57FD-B075-4CFC-876E-C811299FB3AB}.Debug|x86.Build.0 = Debug|Any CPU
		{252D57FD-B075-4CFC-876E-C811299FB3AB}.Release|Any CPU.ActiveCfg = Release|Any CPU
		{252D57FD-B075-4CFC-876E-C811299FB3AB}.Release|Any CPU.Build.0 = Release|Any CPU
		{252D57FD-B075-4CFC-876E-C811299FB3AB}.Release|x64.ActiveCfg = Release|Any CPU
		{252D57FD-B075-4CFC-876E-C811299FB3AB}.Release|x64.Build.0 = Release|Any CPU
		{252D57FD-B075-4CFC-876E-C811299FB3AB}.Release|x86.ActiveCfg = Release|Any CPU
		{252D57FD-B075-4CFC-876E-C811299FB3AB}.Release|x86.Build.0 = Release|Any CPU
		{2BD09C11-0AF2-453F-9D9C-A9C37D3D575E}.Debug|Any CPU.ActiveCfg = Debug|Any CPU
		{2BD09C11-0AF2-453F-9D9C-A9C37D3D575E}.Debug|Any CPU.Build.0 = Debug|Any CPU
		{2BD09C11-0AF2-453F-9D9C-A9C37D3D575E}.Debug|x64.ActiveCfg = Debug|Any CPU
		{2BD09C11-0AF2-453F-9D9C-A9C37D3D575E}.Debug|x64.Build.0 = Debug|Any CPU
		{2BD09C11-0AF2-453F-9D9C-A9C37D3D575E}.Debug|x86.ActiveCfg = Debug|Any CPU
		{2BD09C11-0AF2-453F-9D9C-A9C37D3D575E}.Debug|x86.Build.0 = Debug|Any CPU
		{2BD09C11-0AF2-453F-9D9C-A9C37D3D575E}.Release|Any CPU.ActiveCfg = Release|Any CPU
		{2BD09C11-0AF2-453F-9D9C-A9C37D3D575E}.Release|Any CPU.Build.0 = Release|Any CPU
		{2BD09C11-0AF2-453F-9D9C-A9C37D3D575E}.Release|x64.ActiveCfg = Release|Any CPU
		{2BD09C11-0AF2-453F-9D9C-A9C37D3D575E}.Release|x64.Build.0 = Release|Any CPU
		{2BD09C11-0AF2-453F-9D9C-A9C37D3D575E}.Release|x86.ActiveCfg = Release|Any CPU
		{2BD09C11-0AF2-453F-9D9C-A9C37D3D575E}.Release|x86.Build.0 = Release|Any CPU
	EndGlobalSection
	GlobalSection(SolutionProperties) = preSolution
		HideSolutionNode = FALSE
	EndGlobalSection
	GlobalSection(ExtensibilityGlobals) = postSolution
		SolutionGuid = {558F3E52-FE56-486F-B67A-08AAA3FE3240}
	EndGlobalSection
EndGlobal
